
Microsoft Visual Studio Solution File, Format Version 12.00
# Visual Studio Version 17
VisualStudioVersion = 17.14.36414.22
MinimumVisualStudioVersion = 10.0.40219.1
Project("{FAE04EC0-301F-11D3-BF4B-00C04F79EFBC}") = "Abstracciones", "Abstracciones\Abstracciones.csproj", "{535A58CE-F854-41B1-B3D8-915B10338147}"
EndProject
Project("{FAE04EC0-301F-11D3-BF4B-00C04F79EFBC}") = "Reglas", "Reglas\Reglas.csproj", "{21EBA592-6809-4D1A-978C-07E48AA43009}"
EndProject
Project("{FAE04EC0-301F-11D3-BF4B-00C04F79EFBC}") = "Web", "Web\Web.csproj", "{FD9788EC-BC30-4234-9C03-AE6D51FCF13C}"
EndProject
Global
	GlobalSection(SolutionConfigurationPlatforms) = preSolution
		Debug|Any CPU = Debug|Any CPU
		Release|Any CPU = Release|Any CPU
	EndGlobalSection
	GlobalSection(ProjectConfigurationPlatforms) = postSolution
		{535A58CE-F854-41B1-B3D8-915B10338147}.Debug|Any CPU.ActiveCfg = Debug|Any CPU
		{535A58CE-F854-41B1-B3D8-915B10338147}.Debug|Any CPU.Build.0 = Debug|Any CPU
		{535A58CE-F854-41B1-B3D8-915B10338147}.Release|Any CPU.ActiveCfg = Release|Any CPU
		{535A58CE-F854-41B1-B3D8-915B10338147}.Release|Any CPU.Build.0 = Release|Any CPU
		{21EBA592-6809-4D1A-978C-07E48AA43009}.Debug|Any CPU.ActiveCfg = Debug|Any CPU
		{21EBA592-6809-4D1A-978C-07E48AA43009}.Debug|Any CPU.Build.0 = Debug|Any CPU
		{21EBA592-6809-4D1A-978C-07E48AA43009}.Release|Any CPU.ActiveCfg = Release|Any CPU
		{21EBA592-6809-4D1A-978C-07E48AA43009}.Release|Any CPU.Build.0 = Release|Any CPU
		{FD9788EC-BC30-4234-9C03-AE6D51FCF13C}.Debug|Any CPU.ActiveCfg = Debug|Any CPU
		{FD9788EC-BC30-4234-9C03-AE6D51FCF13C}.Debug|Any CPU.Build.0 = Debug|Any CPU
		{FD9788EC-BC30-4234-9C03-AE6D51FCF13C}.Release|Any CPU.ActiveCfg = Release|Any CPU
		{FD9788EC-BC30-4234-9C03-AE6D51FCF13C}.Release|Any CPU.Build.0 = Release|Any CPU
	EndGlobalSection
	GlobalSection(SolutionProperties) = preSolution
		HideSolutionNode = FALSE
	EndGlobalSection
	GlobalSection(ExtensibilityGlobals) = postSolution
		SolutionGuid = {3D7318CB-A488-410D-8E4D-7D2FAA4D70C7}
	EndGlobalSection
EndGlobal
